
Microsoft Visual Studio Solution File, Format Version 12.00
# Visual Studio Version 17
VisualStudioVersion = 17.3.32901.215
MinimumVisualStudioVersion = 10.0.40219.1
Project("{FAE04EC0-301F-11D3-BF4B-00C04F79EFBC}") = "for dongusu ile lb temizleme-836", "for dongusu ile lb temizleme-836\for dongusu ile lb temizleme-836.csproj", "{F7960519-8F93-4EFF-A3A6-114385BF52D1}"
EndProject
Global
	GlobalSection(SolutionConfigurationPlatforms) = preSolution
		Debug|Any CPU = Debug|Any CPU
		Release|Any CPU = Release|Any CPU
	EndGlobalSection
	GlobalSection(ProjectConfigurationPlatforms) = postSolution
		{F7960519-8F93-4EFF-A3A6-114385BF52D1}.Debug|Any CPU.ActiveCfg = Debug|Any CPU
		{F7960519-8F93-4EFF-A3A6-114385BF52D1}.Debug|Any CPU.Build.0 = Debug|Any CPU
		{F7960519-8F93-4EFF-A3A6-114385BF52D1}.Release|Any CPU.ActiveCfg = Release|Any CPU
		{F7960519-8F93-4EFF-A3A6-114385BF52D1}.Release|Any CPU.Build.0 = Release|Any CPU
	EndGlobalSection
	GlobalSection(SolutionProperties) = preSolution
		HideSolutionNode = FALSE
	EndGlobalSection
	GlobalSection(ExtensibilityGlobals) = postSolution
		SolutionGuid = {FBE770A9-5169-48A1-BDC9-A4A75673BCDE}
	EndGlobalSection
EndGlobal
